Microsoft Visual Studio Solution File, Format Version 11.00
# Visual Studio 2008

Project("{B8F23DD6-BFFF-64B0-04B7-80CA96E26C76}") = "ProgettoFantogrammi", "Assembly-CSharp.csproj", "{B886696E-B04C-DA6F-8FD3-91BC580FF4B1}"
EndProject
Global
	GlobalSection(SolutionConfigurationPlatforms) = preSolution
		Debug|Any CPU = Debug|Any CPU
		Release|Any CPU = Release|Any CPU
	EndGlobalSection
	GlobalSection(ProjectConfigurationPlatforms) = postSolution
		{B886696E-B04C-DA6F-8FD3-91BC580FF4B1}.Debug|Any CPU.ActiveCfg = Debug|Any CPU
		{B886696E-B04C-DA6F-8FD3-91BC580FF4B1}.Debug|Any CPU.Build.0 = Debug|Any CPU
		{B886696E-B04C-DA6F-8FD3-91BC580FF4B1}.Release|Any CPU.ActiveCfg = Release|Any CPU
		{B886696E-B04C-DA6F-8FD3-91BC580FF4B1}.Release|Any CPU.Build.0 = Release|Any CPU
	EndGlobalSection
	GlobalSection(SolutionProperties) = preSolution
		HideSolutionNode = FALSE
	EndGlobalSection
	GlobalSection(MonoDevelopProperties) = preSolution
		StartupItem = Assembly-CSharp.csproj
	EndGlobalSection
EndGlobal
